{
  "name": "stremio-basic-addon",
  "version": "1.0.0",
  "lockfileVersion": 2,
  "requires": true,
  "packages": {
    "": {
      "name": "stremio-basic-addon",
      "version": "1.0.0",
      "license": "MIT",
      "dependencies": {
        "stremio-addon-sdk": "^1.1.0"
      }
    },
    "node_modules/stremio-addon-sdk": {
      "version": "1.1.0",
      "resolved": "https://registry.npmjs.org/stremio-addon-sdk/-/stremio-addon-sdk-1.1.0.tgz",
      "integrity": "sha512-3RftWgwnr3pHAr4PoY4kPNP4AMVucWkkYTyMBiY9M/Bk6nPbPBuJMB5nX03wvjbZUXi4UPgt9CT8OcpNTQzNjw=="
    }
  },
  "dependencies": {
    "stremio-addon-sdk": {
      "version": "1.1.0",
      "resolved": "https://registry.npmjs.org/stremio-addon-sdk/-/stremio-addon-sdk-1.1.0.tgz",
      "integrity": "sha512-3RftWgwnr3pHAr4PoY4kPNP4AMVucWkkYTyMBiY9M/Bk6nPbPBuJMB5nX03wvjbZUXi4UPgt9CT8OcpNTQzNjw=="
    }
  }
}
